
Microsoft Visual Studio Solution File, Format Version 12.00
# Visual Studio Version 16
VisualStudioVersion = 16.0.29613.14
MinimumVisualStudioVersion = 10.0.40219.1
Project("{FAE04EC0-301F-11D3-BF4B-00C04F79EFBC}") = "GpxViewer", "GpxViewer.csproj", "{139EA5D8-29C6-4FB9-AB11-CB653C7A0843}"
EndProject
Global
	GlobalSection(SolutionConfigurationPlatforms) = preSolution
		Debug|Any CPU = Debug|Any CPU
		Release|Any CPU = Release|Any CPU
	EndGlobalSection
	GlobalSection(ProjectConfigurationPlatforms) = postSolution
		{139EA5D8-29C6-4FB9-AB11-CB653C7A0843}.Debug|Any CPU.ActiveCfg = Debug|Any CPU
		{139EA5D8-29C6-4FB9-AB11-CB653C7A0843}.Debug|Any CPU.Build.0 = Debug|Any CPU
		{139EA5D8-29C6-4FB9-AB11-CB653C7A0843}.Release|Any CPU.ActiveCfg = Release|Any CPU
		{139EA5D8-29C6-4FB9-AB11-CB653C7A0843}.Release|Any CPU.Build.0 = Release|Any CPU
	EndGlobalSection
	GlobalSection(SolutionProperties) = preSolution
		HideSolutionNode = FALSE
	EndGlobalSection
	GlobalSection(ExtensibilityGlobals) = postSolution
		SolutionGuid = {7B0105D3-DF94-4CC4-BE58-D8A99BD64151}
	EndGlobalSection
EndGlobal
